
Microsoft Visual Studio Solution File, Format Version 12.00
# Visual Studio Version 17
VisualStudioVersion = 17.11.35327.3
MinimumVisualStudioVersion = 10.0.40219.1
Project("{8BC9CEB8-8B4A-11D0-8D11-00A0C91BC942}") = "TestCpp", "TestCpp\TestCpp.vcxproj", "{95D0E2FF-227C-4988-8E09-EBF5229AD481}"
EndProject
Project("{8BC9CEB8-8B4A-11D0-8D11-00A0C91BC942}") = "TestMD5", "TestMD5\TestMD5.vcxproj", "{B0F7FF77-116D-4D25-BA2C-F1D21E071BC8}"
EndProject
Project("{8BC9CEB8-8B4A-11D0-8D11-00A0C91BC942}") = "Project14", "Project14\Project14.vcxproj", "{7E47AE5A-80D9-45B1-BF10-BA21EC75E015}"
EndProject
Project("{8BC9CEB8-8B4A-11D0-8D11-00A0C91BC942}") = "boostjson", "boostjson\boostjson.vcxproj", "{94F9AAF1-86FE-4C0D-AB0A-F57A48C49B31}"
EndProject
Project("{8BC9CEB8-8B4A-11D0-8D11-00A0C91BC942}") = "DNS", "DNS\DNS.vcxproj", "{B936DE44-7E5F-4442-97A9-9AEE68791F0D}"
EndProject
Project("{8BC9CEB8-8B4A-11D0-8D11-00A0C91BC942}") = "DNS2", "DNS2\DNS2.vcxproj", "{B90E7980-4CAB-4F12-A2ED-5D7DBDF403A3}"
EndProject
Project("{8BC9CEB8-8B4A-11D0-8D11-00A0C91BC942}") = "OpenURL", "OpenURL\OpenURL.vcxproj", "{07CE30FC-A1B1-45DD-ABF6-C2F4696FD392}"
EndProject
Project("{8BC9CEB8-8B4A-11D0-8D11-00A0C91BC942}") = "CONTACT", "CONTACT\CONTACT.vcxproj", "{AC6479DC-83FB-4364-BC16-9821DB04E89D}"
EndProject
Project("{8BC9CEB8-8B4A-11D0-8D11-00A0C91BC942}") = "Endian", "Endian\Endian.vcxproj", "{38F17E81-6868-4F79-B0E9-9418B49823E3}"
EndProject
Project("{8BC9CEB8-8B4A-11D0-8D11-00A0C91BC942}") = "client_0.1", "client_0.1\client_0.1.vcxproj", "{42F91D82-BD40-4A7D-9808-AE45B9F3B8E7}"
EndProject
Project("{8BC9CEB8-8B4A-11D0-8D11-00A0C91BC942}") = "client_0.3", "client_0.3\client_0.3.vcxproj", "{5FDF97D9-15DD-473A-97BC-6C929BABD101}"
EndProject
Project("{8BC9CEB8-8B4A-11D0-8D11-00A0C91BC942}") = "client_0.4", "client_0.4\client_0.4.vcxproj", "{B93F407E-9643-485E-97FB-DA3EC2D5CB34}"
EndProject
Global
	GlobalSection(SolutionConfigurationPlatforms) = preSolution
		Debug|x64 = Debug|x64
		Debug|x86 = Debug|x86
		Release|x64 = Release|x64
		Release|x86 = Release|x86
	EndGlobalSection
	GlobalSection(ProjectConfigurationPlatforms) = postSolution
		{95D0E2FF-227C-4988-8E09-EBF5229AD481}.Debug|x64.ActiveCfg = Debug|x64
		{95D0E2FF-227C-4988-8E09-EBF5229AD481}.Debug|x64.Build.0 = Debug|x64
		{95D0E2FF-227C-4988-8E09-EBF5229AD481}.Debug|x86.ActiveCfg = Debug|Win32
		{95D0E2FF-227C-4988-8E09-EBF5229AD481}.Debug|x86.Build.0 = Debug|Win32
		{95D0E2FF-227C-4988-8E09-EBF5229AD481}.Release|x64.ActiveCfg = Release|x64
		{95D0E2FF-227C-4988-8E09-EBF5229AD481}.Release|x64.Build.0 = Release|x64
		{95D0E2FF-227C-4988-8E09-EBF5229AD481}.Release|x86.ActiveCfg = Release|Win32
		{95D0E2FF-227C-4988-8E09-EBF5229AD481}.Release|x86.Build.0 = Release|Win32
		{B0F7FF77-116D-4D25-BA2C-F1D21E071BC8}.Debug|x64.ActiveCfg = Debug|x64
		{B0F7FF77-116D-4D25-BA2C-F1D21E071BC8}.Debug|x64.Build.0 = Debug|x64
		{B0F7FF77-116D-4D25-BA2C-F1D21E071BC8}.Debug|x86.ActiveCfg = Debug|Win32
		{B0F7FF77-116D-4D25-BA2C-F1D21E071BC8}.Debug|x86.Build.0 = Debug|Win32
		{B0F7FF77-116D-4D25-BA2C-F1D21E071BC8}.Release|x64.ActiveCfg = Release|x64
		{B0F7FF77-116D-4D25-BA2C-F1D21E071BC8}.Release|x64.Build.0 = Release|x64
		{B0F7FF77-116D-4D25-BA2C-F1D21E071BC8}.Release|x86.ActiveCfg = Release|Win32
		{B0F7FF77-116D-4D25-BA2C-F1D21E071BC8}.Release|x86.Build.0 = Release|Win32
		{7E47AE5A-80D9-45B1-BF10-BA21EC75E015}.Debug|x64.ActiveCfg = Debug|x64
		{7E47AE5A-80D9-45B1-BF10-BA21EC75E015}.Debug|x64.Build.0 = Debug|x64
		{7E47AE5A-80D9-45B1-BF10-BA21EC75E015}.Debug|x86.ActiveCfg = Debug|Win32
		{7E47AE5A-80D9-45B1-BF10-BA21EC75E015}.Debug|x86.Build.0 = Debug|Win32
		{7E47AE5A-80D9-45B1-BF10-BA21EC75E015}.Release|x64.ActiveCfg = Release|x64
		{7E47AE5A-80D9-45B1-BF10-BA21EC75E015}.Release|x64.Build.0 = Release|x64
		{7E47AE5A-80D9-45B1-BF10-BA21EC75E015}.Release|x86.ActiveCfg = Release|Win32
		{7E47AE5A-80D9-45B1-BF10-BA21EC75E015}.Release|x86.Build.0 = Release|Win32
		{94F9AAF1-86FE-4C0D-AB0A-F57A48C49B31}.Debug|x64.ActiveCfg = Debug|x64
		{94F9AAF1-86FE-4C0D-AB0A-F57A48C49B31}.Debug|x64.Build.0 = Debug|x64
		{94F9AAF1-86FE-4C0D-AB0A-F57A48C49B31}.Debug|x86.ActiveCfg = Debug|Win32
		{94F9AAF1-86FE-4C0D-AB0A-F57A48C49B31}.Debug|x86.Build.0 = Debug|Win32
		{94F9AAF1-86FE-4C0D-AB0A-F57A48C49B31}.Release|x64.ActiveCfg = Release|x64
		{94F9AAF1-86FE-4C0D-AB0A-F57A48C49B31}.Release|x64.Build.0 = Release|x64
		{94F9AAF1-86FE-4C0D-AB0A-F57A48C49B31}.Release|x86.ActiveCfg = Release|Win32
		{94F9AAF1-86FE-4C0D-AB0A-F57A48C49B31}.Release|x86.Build.0 = Release|Win32
		{B936DE44-7E5F-4442-97A9-9AEE68791F0D}.Debug|x64.ActiveCfg = Debug|x64
		{B936DE44-7E5F-4442-97A9-9AEE68791F0D}.Debug|x64.Build.0 = Debug|x64
		{B936DE44-7E5F-4442-97A9-9AEE68791F0D}.Debug|x86.ActiveCfg = Debug|Win32
		{B936DE44-7E5F-4442-97A9-9AEE68791F0D}.Debug|x86.Build.0 = Debug|Win32
		{B936DE44-7E5F-4442-97A9-9AEE68791F0D}.Release|x64.ActiveCfg = Release|x64
		{B936DE44-7E5F-4442-97A9-9AEE68791F0D}.Release|x64.Build.0 = Release|x64
		{B936DE44-7E5F-4442-97A9-9AEE68791F0D}.Release|x86.ActiveCfg = Release|Win32
		{B936DE44-7E5F-4442-97A9-9AEE68791F0D}.Release|x86.Build.0 = Release|Win32
		{B90E7980-4CAB-4F12-A2ED-5D7DBDF403A3}.Debug|x64.ActiveCfg = Debug|x64
		{B90E7980-4CAB-4F12-A2ED-5D7DBDF403A3}.Debug|x64.Build.0 = Debug|x64
		{B90E7980-4CAB-4F12-A2ED-5D7DBDF403A3}.Debug|x86.ActiveCfg = Debug|Win32
		{B90E7980-4CAB-4F12-A2ED-5D7DBDF403A3}.Debug|x86.Build.0 = Debug|Win32
		{B90E7980-4CAB-4F12-A2ED-5D7DBDF403A3}.Release|x64.ActiveCfg = Release|x64
		{B90E7980-4CAB-4F12-A2ED-5D7DBDF403A3}.Release|x64.Build.0 = Release|x64
		{B90E7980-4CAB-4F12-A2ED-5D7DBDF403A3}.Release|x86.ActiveCfg = Release|Win32
		{B90E7980-4CAB-4F12-A2ED-5D7DBDF403A3}.Release|x86.Build.0 = Release|Win32
		{07CE30FC-A1B1-45DD-ABF6-C2F4696FD392}.Debug|x64.ActiveCfg = Debug|x64
		{07CE30FC-A1B1-45DD-ABF6-C2F4696FD392}.Debug|x64.Build.0 = Debug|x64
		{07CE30FC-A1B1-45DD-ABF6-C2F4696FD392}.Debug|x86.ActiveCfg = Debug|Win32
		{07CE30FC-A1B1-45DD-ABF6-C2F4696FD392}.Debug|x86.Build.0 = Debug|Win32
		{07CE30FC-A1B1-45DD-ABF6-C2F4696FD392}.Release|x64.ActiveCfg = Release|x64
		{07CE30FC-A1B1-45DD-ABF6-C2F4696FD392}.Release|x64.Build.0 = Release|x64
		{07CE30FC-A1B1-45DD-ABF6-C2F4696FD392}.Release|x86.ActiveCfg = Release|Win32
		{07CE30FC-A1B1-45DD-ABF6-C2F4696FD392}.Release|x86.Build.0 = Release|Win32
		{AC6479DC-83FB-4364-BC16-9821DB04E89D}.Debug|x64.ActiveCfg = Debug|x64
		{AC6479DC-83FB-4364-BC16-9821DB04E89D}.Debug|x64.Build.0 = Debug|x64
		{AC6479DC-83FB-4364-BC16-9821DB04E89D}.Debug|x86.ActiveCfg = Debug|Win32
		{AC6479DC-83FB-4364-BC16-9821DB04E89D}.Debug|x86.Build.0 = Debug|Win32
		{AC6479DC-83FB-4364-BC16-9821DB04E89D}.Release|x64.ActiveCfg = Release|x64
		{AC6479DC-83FB-4364-BC16-9821DB04E89D}.Release|x64.Build.0 = Release|x64
		{AC6479DC-83FB-4364-BC16-9821DB04E89D}.Release|x86.ActiveCfg = Release|Win32
		{AC6479DC-83FB-4364-BC16-9821DB04E89D}.Release|x86.Build.0 = Release|Win32
		{38F17E81-6868-4F79-B0E9-9418B49823E3}.Debug|x64.ActiveCfg = Debug|x64
		{38F17E81-6868-4F79-B0E9-9418B49823E3}.Debug|x64.Build.0 = Debug|x64
		{38F17E81-6868-4F79-B0E9-9418B49823E3}.Debug|x86.ActiveCfg = Debug|Win32
		{38F17E81-6868-4F79-B0E9-9418B49823E3}.Debug|x86.Build.0 = Debug|Win32
		{38F17E81-6868-4F79-B0E9-9418B49823E3}.Release|x64.ActiveCfg = Release|x64
		{38F17E81-6868-4F79-B0E9-9418B49823E3}.Release|x64.Build.0 = Release|x64
		{38F17E81-6868-4F79-B0E9-9418B49823E3}.Release|x86.ActiveCfg = Release|Win32
		{38F17E81-6868-4F79-B0E9-9418B49823E3}.Release|x86.Build.0 = Release|Win32
		{42F91D82-BD40-4A7D-9808-AE45B9F3B8E7}.Debug|x64.ActiveCfg = Debug|x64
		{42F91D82-BD40-4A7D-9808-AE45B9F3B8E7}.Debug|x64.Build.0 = Debug|x64
		{42F91D82-BD40-4A7D-9808-AE45B9F3B8E7}.Debug|x86.ActiveCfg = Debug|Win32
		{42F91D82-BD40-4A7D-9808-AE45B9F3B8E7}.Debug|x86.Build.0 = Debug|Win32
		{42F91D82-BD40-4A7D-9808-AE45B9F3B8E7}.Release|x64.ActiveCfg = Release|x64
		{42F91D82-BD40-4A7D-9808-AE45B9F3B8E7}.Release|x64.Build.0 = Release|x64
		{42F91D82-BD40-4A7D-9808-AE45B9F3B8E7}.Release|x86.ActiveCfg = Release|Win32
		{42F91D82-BD40-4A7D-9808-AE45B9F3B8E7}.Release|x86.Build.0 = Release|Win32
		{5FDF97D9-15DD-473A-97BC-6C929BABD101}.Debug|x64.ActiveCfg = Debug|x64
		{5FDF97D9-15DD-473A-97BC-6C929BABD101}.Debug|x64.Build.0 = Debug|x64
		{5FDF97D9-15DD-473A-97BC-6C929BABD101}.Debug|x86.ActiveCfg = Debug|Win32
		{5FDF97D9-15DD-473A-97BC-6C929BABD101}.Debug|x86.Build.0 = Debug|Win32
		{5FDF97D9-15DD-473A-97BC-6C929BABD101}.Release|x64.ActiveCfg = Release|x64
		{5FDF97D9-15DD-473A-97BC-6C929BABD101}.Release|x64.Build.0 = Release|x64
		{5FDF97D9-15DD-473A-97BC-6C929BABD101}.Release|x86.ActiveCfg = Release|Win32
		{5FDF97D9-15DD-473A-97BC-6C929BABD101}.Release|x86.Build.0 = Release|Win32
		{B93F407E-9643-485E-97FB-DA3EC2D5CB34}.Debug|x64.ActiveCfg = Debug|x64
		{B93F407E-9643-485E-97FB-DA3EC2D5CB34}.Debug|x64.Build.0 = Debug|x64
		{B93F407E-9643-485E-97FB-DA3EC2D5CB34}.Debug|x86.ActiveCfg = Debug|Win32
		{B93F407E-9643-485E-97FB-DA3EC2D5CB34}.Debug|x86.Build.0 = Debug|Win32
		{B93F407E-9643-485E-97FB-DA3EC2D5CB34}.Release|x64.ActiveCfg = Release|x64
		{B93F407E-9643-485E-97FB-DA3EC2D5CB34}.Release|x64.Build.0 = Release|x64
		{B93F407E-9643-485E-97FB-DA3EC2D5CB34}.Release|x86.ActiveCfg = Release|Win32
		{B93F407E-9643-485E-97FB-DA3EC2D5CB34}.Release|x86.Build.0 = Release|Win32
	EndGlobalSection
	GlobalSection(SolutionProperties) = preSolution
		HideSolutionNode = FALSE
	EndGlobalSection
	GlobalSection(ExtensibilityGlobals) = postSolution
		SolutionGuid = {AA097541-3AF7-4722-836C-2418D1CE7150}
	EndGlobalSection
EndGlobal
